<?xml version="1.0" encoding="utf-8"?>
<Project ToolsVersion="4.0" xmlns="http://schemas.microsoft.com/developer/msbuild/2003">
  <ItemGroup>
    <Filter Include="Source Files">
      <UniqueIdentifier>{4FC737F1-C7A5-4376-A066-2A32D752A2FF}</UniqueIdentifier>
      <Extensions>cpp;c;cc;cxx;c++;cppm;ixx;def;odl;idl;hpj;bat;asm;asmx</Extensions>
    </Filter>
    <Filter Include="Header Files">
      <UniqueIdentifier>{93995380-89BD-4b04-88EB-625FBE52EBFB}</UniqueIdentifier>
      <Extensions>h;hh;hpp;hxx;h++;hm;inl;inc;ipp;xsd</Extensions>
    </Filter>
    <Filter Include="Resource Files">
      <UniqueIdentifier>{67DA6AB6-F800-4c08-8B7A-83BB121AAD01}</UniqueIdentifier>
      <Extensions>rc;ico;cur;bmp;dlg;rc2;rct;bin;rgs;gif;jpg;jpeg;jpe;resx;tiff;tif;png;wav;mfcribbon-ms</Extensions>
    </Filter>
    <Filter Include="ImGUIBase">
      <UniqueIdentifier>{cf7545c8-a69a-4ce7-8db9-54454ca00dd5}</UniqueIdentifier>
    </Filter>
    <Filter Include="ImGUISource">
      <UniqueIdentifier>{996d87e3-1b5f-445c-bbae-f1f1a57c4a66}</UniqueIdentifier>
    </Filter>
    <Filter Include="Shaders">
      <UniqueIdentifier>{8B820417-5E85-4A1D-9F67-8DB2C6A3B2F1}</UniqueIdentifier>
      <Extensions>hlsl;fx;fxh;cso</Extensions>
    </Filter>
  </ItemGroup>
  <ItemGroup>
    <ClCompile Include="source\actor\CameraActor.cpp">
      <Filter>Source Files</Filter>
    </ClCompile>
    <ClCompile Include="source\dx12\PipelineInterface.cpp">
      <Filter>Source Files</Filter>
    </ClCompile>
    <ClCompile Include="source\GPU-pipeline.cpp">
      <Filter>Source Files</Filter>
    </ClCompile>
    <ClCompile Include="source\level\Level.cpp">
      <Filter>Source Files</Filter>
    </ClCompile>
    <ClCompile Include="source\Log.cpp">
      <Filter>Source Files</Filter>
    </ClCompile>
    <ClCompile Include="source\actor\StaticMeshActor.cpp">
      <Filter>Source Files</Filter>
    </ClCompile>
    <ClCompile Include="source\asset\MeshLoader.cpp">
      <Filter>Source Files</Filter>
    </ClCompile>
    <ClCompile Include="source\asset\Material.cpp">
      <Filter>Source Files</Filter>
    </ClCompile>
    <ClCompile Include="thirdpatry\imgui\imgui.cpp">
      <Filter>Source Files</Filter>
    </ClCompile>
    <ClCompile Include="thirdpatry\imgui\imgui_demo.cpp">
      <Filter>Source Files</Filter>
    </ClCompile>
    <ClCompile Include="thirdpatry\imgui\imgui_draw.cpp">
      <Filter>Source Files</Filter>
    </ClCompile>
    <ClCompile Include="thirdpatry\imgui\imgui_tables.cpp">
      <Filter>Source Files</Filter>
    </ClCompile>
    <ClCompile Include="thirdpatry\imgui\imgui_widgets.cpp">
      <Filter>Source Files</Filter>
    </ClCompile>
    <ClCompile Include="thirdpatry\imgui\backends\imgui_impl_win32.cpp">
      <Filter>Source Files</Filter>
    </ClCompile>
    <ClCompile Include="thirdpatry\imgui\backends\imgui_impl_dx12.cpp">
      <Filter>Source Files</Filter>
    </ClCompile>
  </ItemGroup>
  <ItemGroup>
    <ClInclude Include="source\actor\Actor.h">
      <Filter>Header Files</Filter>
    </ClInclude>
    <ClInclude Include="source\misc\Base.h">
      <Filter>Header Files</Filter>
    </ClInclude>
    <ClInclude Include="source\misc\DesignPatterns.h">
      <Filter>Header Files</Filter>
    </ClInclude>
    <ClInclude Include="source\misc\Math.h">
      <Filter>Header Files</Filter>
    </ClInclude>
    <ClInclude Include="source\dx12\ConstantBuffer.h">
      <Filter>Header Files</Filter>
    </ClInclude>
    <ClInclude Include="source\dx12\ConstantBufferProxy.h">
      <Filter>Header Files</Filter>
    </ClInclude>
    <ClInclude Include="source\dx12\PipelineInterface.h">
      <Filter>Header Files</Filter>
    </ClInclude>
    <ClInclude Include="source\level\Level.h">
      <Filter>Header Files</Filter>
    </ClInclude>
    <ClInclude Include="source\actor\CameraActor.h">
      <Filter>Header Files</Filter>
    </ClInclude>
    <ClInclude Include="source\actor\StaticMeshActor.h">
      <Filter>Header Files</Filter>
    </ClInclude>
    <ClInclude Include="source\asset\MeshLoader.h">
      <Filter>Header Files</Filter>
    </ClInclude>
    <ClInclude Include="source\asset\Mesh.h">
      <Filter>Header Files</Filter>
    </ClInclude>
    <ClInclude Include="source\asset\Material.h">
      <Filter>Header Files</Filter>
    </ClInclude>
    <ClInclude Include="source\asset\Texture.h">
      <Filter>Header Files</Filter>
    </ClInclude>
    <ClInclude Include="source\dx12\MeshProxy.h">
      <Filter>Header Files</Filter>
    </ClInclude>
    <ClInclude Include="thirdpatry\imgui\imconfig.h">
      <Filter>Header Files</Filter>
    </ClInclude>
    <ClInclude Include="thirdpatry\imgui\imgui.h">
      <Filter>Header Files</Filter>
    </ClInclude>
    <ClInclude Include="thirdpatry\imgui\imgui_internal.h">
      <Filter>Header Files</Filter>
    </ClInclude>
    <ClInclude Include="thirdpatry\imgui\backends\imgui_impl_win32.h">
      <Filter>Header Files</Filter>
    </ClInclude>
    <ClInclude Include="thirdpatry\imgui\backends\imgui_impl_dx12.h">
      <Filter>Header Files</Filter>
    </ClInclude>
  </ItemGroup>
  <ItemGroup>
    <None Include="packages.config" />
    <None Include="content\shader\meshlet_as.hlsl">
      <Filter>Shaders</Filter>
    </None>
    <None Include="content\shader\meshlet_ms.hlsl">
      <Filter>Shaders</Filter>
    </None>
    <None Include="content\shader\meshlet_ps.hlsl">
      <Filter>Shaders</Filter>
    </None>
    <None Include="content\shader\color.hlsl">
      <Filter>Shaders</Filter>
    </None>
  </ItemGroup>
</Project>